// !$*UTF8*$!
{
	archiveVersion = 1;
	classes = {
	};
	objectVersion = 50;
	objects = {

/* Begin PBXBuildFile section */
		456560362551231F005C6EAD /* SignupResponseModel.swift in Sources */ = {isa = PBXBuildFile; fileRef = 456560352551231F005C6EAD /* SignupResponseModel.swift */; };
		4565603A255123CC005C6EAD /* SignupErrors.swift in Sources */ = {isa = PBXBuildFile; fileRef = 45656039255123CC005C6EAD /* SignupErrors.swift */; };
		45B5110425513DE8003E1518 /* MockURLProtocol.swift in Sources */ = {isa = PBXBuildFile; fileRef = 45B5110325513DE8003E1518 /* MockURLProtocol.swift */; };
		45F8B6C2254FA02800BB878B /* AppDelegate.swift in Sources */ = {isa = PBXBuildFile; fileRef = 45F8B6C1254FA02800BB878B /* AppDelegate.swift */; };
		45F8B6C4254FA02800BB878B /* SceneDelegate.swift in Sources */ = {isa = PBXBuildFile; fileRef = 45F8B6C3254FA02800BB878B /* SceneDelegate.swift */; };
		45F8B6C6254FA02800BB878B /* ViewController.swift in Sources */ = {isa = PBXBuildFile; fileRef = 45F8B6C5254FA02800BB878B /* ViewController.swift */; };
		45F8B6C9254FA02800BB878B /* Main.storyboard in Resources */ = {isa = PBXBuildFile; fileRef = 45F8B6C7254FA02800BB878B /* Main.storyboard */; };
		45F8B6CB254FA02A00BB878B /* Assets.xcassets in Resources */ = {isa = PBXBuildFile; fileRef = 45F8B6CA254FA02A00BB878B /* Assets.xcassets */; };
		45F8B6CE254FA02A00BB878B /* LaunchScreen.storyboard in Resources */ = {isa = PBXBuildFile; fileRef = 45F8B6CC254FA02A00BB878B /* LaunchScreen.storyboard */; };
		45F8B70A254FA0F900BB878B /* SignUpFormValidatorTests.swift in Sources */ = {isa = PBXBuildFile; fileRef = 45F8B709254FA0F900BB878B /* SignUpFormValidatorTests.swift */; };
		45F8B712254FA2E800BB878B /* SignUpFormValidator.swift in Sources */ = {isa = PBXBuildFile; fileRef = 45F8B711254FA2E800BB878B /* SignUpFormValidator.swift */; };
		45F8B7192550150F00BB878B /* SignUpFormValidatorProtocol.swift in Sources */ = {isa = PBXBuildFile; fileRef = 45F8B7182550150F00BB878B /* SignUpFormValidatorProtocol.swift */; };
		45F8B71D25501B6400BB878B /* SignupFormModelProtocol.swift in Sources */ = {isa = PBXBuildFile; fileRef = 45F8B71C25501B6400BB878B /* SignupFormModelProtocol.swift */; };
		45F8B7212550210500BB878B /* SIgnupWebServiceProtocol.swift in Sources */ = {isa = PBXBuildFile; fileRef = 45F8B7202550210500BB878B /* SIgnupWebServiceProtocol.swift */; };
		45F8B768255107CF00BB878B /* SIgnupWebServiceTests.swift in Sources */ = {isa = PBXBuildFile; fileRef = 45F8B767255107CE00BB878B /* SIgnupWebServiceTests.swift */; };
		45F8B77625510A5700BB878B /* SignupWebServiceTests.swift in Sources */ = {isa = PBXBuildFile; fileRef = 45F8B77525510A5700BB878B /* SignupWebServiceTests.swift */; };
		45F8B77A25510B1300BB878B /* SignupWebService.swift in Sources */ = {isa = PBXBuildFile; fileRef = 45F8B77925510B1300BB878B /* SignupWebService.swift */; };
		45F8B77E25510CDD00BB878B /* SignupFormRequestModel.swift in Sources */ = {isa = PBXBuildFile; fileRef = 45F8B77D25510CDD00BB878B /* SignupFormRequestModel.swift */; };
/* End PBXBuildFile section */

/* Begin PBXContainerItemProxy section */
		45F8B6D5254FA02A00BB878B /* PBXContainerItemProxy */ = {
			isa = PBXContainerItemProxy;
			containerPortal = 45F8B6B6254FA02800BB878B /* Project object */;
			proxyType = 1;
			remoteGlobalIDString = 45F8B6BD254FA02800BB878B;
			remoteInfo = MyApp_TDDExample;
		};
/* End PBXContainerItemProxy section */

/* Begin PBXFileReference section */
		456560352551231F005C6EAD /* SignupResponseModel.swift */ = {isa = PBXFileReference; lastKnownFileType = sourcecode.swift; path = SignupResponseModel.swift; sourceTree = "<group>"; };
		45656039255123CC005C6EAD /* SignupErrors.swift */ = {isa = PBXFileReference; lastKnownFileType = sourcecode.swift; path = SignupErrors.swift; sourceTree = "<group>"; };
		45B5110325513DE8003E1518 /* MockURLProtocol.swift */ = {isa = PBXFileReference; lastKnownFileType = sourcecode.swift; path = MockURLProtocol.swift; sourceTree = "<group>"; };
		45F8B6BE254FA02800BB878B /* MyApp_TDDCompleted.app */ = {isa = PBXFileReference; explicitFileType = wrapper.application; includeInIndex = 0; path = MyApp_TDDCompleted.app; sourceTree = BUILT_PRODUCTS_DIR; };
		45F8B6C1254FA02800BB878B /* AppDelegate.swift */ = {isa = PBXFileReference; lastKnownFileType = sourcecode.swift; path = AppDelegate.swift; sourceTree = "<group>"; };
		45F8B6C3254FA02800BB878B /* SceneDelegate.swift */ = {isa = PBXFileReference; lastKnownFileType = sourcecode.swift; path = SceneDelegate.swift; sourceTree = "<group>"; };
		45F8B6C5254FA02800BB878B /* ViewController.swift */ = {isa = PBXFileReference; lastKnownFileType = sourcecode.swift; path = ViewController.swift; sourceTree = "<group>"; };
		45F8B6C8254FA02800BB878B /* Base */ = {isa = PBXFileReference; lastKnownFileType = file.storyboard; name = Base; path = Base.lproj/Main.storyboard; sourceTree = "<group>"; };
		45F8B6CA254FA02A00BB878B /* Assets.xcassets */ = {isa = PBXFileReference; lastKnownFileType = folder.assetcatalog; path = Assets.xcassets; sourceTree = "<group>"; };
		45F8B6CD254FA02A00BB878B /* Base */ = {isa = PBXFileReference; lastKnownFileType = file.storyboard; name = Base; path = Base.lproj/LaunchScreen.storyboard; sourceTree = "<group>"; };
		45F8B6CF254FA02A00BB878B /* Info.plist */ = {isa = PBXFileReference; lastKnownFileType = text.plist.xml; path = Info.plist; sourceTree = "<group>"; };
		45F8B6D4254FA02A00BB878B /* MyApp_TDDCompletedTests.xctest */ = {isa = PBXFileReference; explicitFileType = wrapper.cfbundle; includeInIndex = 0; path = MyApp_TDDCompletedTests.xctest; sourceTree = BUILT_PRODUCTS_DIR; };
		45F8B6DA254FA02A00BB878B /* Info.plist */ = {isa = PBXFileReference; lastKnownFileType = text.plist.xml; path = Info.plist; sourceTree = "<group>"; };
		45F8B709254FA0F900BB878B /* SignUpFormValidatorTests.swift */ = {isa = PBXFileReference; lastKnownFileType = sourcecode.swift; path = SignUpFormValidatorTests.swift; sourceTree = "<group>"; };
		45F8B711254FA2E800BB878B /* SignUpFormValidator.swift */ = {isa = PBXFileReference; lastKnownFileType = sourcecode.swift; path = SignUpFormValidator.swift; sourceTree = "<group>"; };
		45F8B7182550150F00BB878B /* SignUpFormValidatorProtocol.swift */ = {isa = PBXFileReference; lastKnownFileType = sourcecode.swift; path = SignUpFormValidatorProtocol.swift; sourceTree = "<group>"; };
		45F8B71C25501B6400BB878B /* SignupFormModelProtocol.swift */ = {isa = PBXFileReference; lastKnownFileType = sourcecode.swift; path = SignupFormModelProtocol.swift; sourceTree = "<group>"; };
		45F8B7202550210500BB878B /* SIgnupWebServiceProtocol.swift */ = {isa = PBXFileReference; lastKnownFileType = sourcecode.swift; path = SIgnupWebServiceProtocol.swift; sourceTree = "<group>"; };
		45F8B767255107CE00BB878B /* SIgnupWebServiceTests.swift */ = {isa = PBXFileReference; lastKnownFileType = sourcecode.swift; path = SIgnupWebServiceTests.swift; sourceTree = "<group>"; };
		45F8B77525510A5700BB878B /* SignupWebServiceTests.swift */ = {isa = PBXFileReference; lastKnownFileType = sourcecode.swift; path = SignupWebServiceTests.swift; sourceTree = "<group>"; };
		45F8B77925510B1300BB878B /* SignupWebService.swift */ = {isa = PBXFileReference; lastKnownFileType = sourcecode.swift; path = SignupWebService.swift; sourceTree = "<group>"; };
		45F8B77D25510CDD00BB878B /* SignupFormRequestModel.swift */ = {isa = PBXFileReference; lastKnownFileType = sourcecode.swift; path = SignupFormRequestModel.swift; sourceTree = "<group>"; };
/* End PBXFileReference section */

/* Begin PBXFrameworksBuildPhase section */
		45F8B6BB254FA02800BB878B /* Frameworks */ = {
			isa = PBXFrameworksBuildPhase;
			buildActionMask = 2147483647;
			files = (
			);
			runOnlyForDeploymentPostprocessing = 0;
		};
		45F8B6D1254FA02A00BB878B /* Frameworks */ = {
			isa = PBXFrameworksBuildPhase;
			buildActionMask = 2147483647;
			files = (
			);
			runOnlyForDeploymentPostprocessing = 0;
		};
/* End PBXFrameworksBuildPhase section */

/* Begin PBXGroup section */
		4565603D255124F7005C6EAD /* Controllers */ = {
			isa = PBXGroup;
			children = (
				45F8B6C5254FA02800BB878B /* ViewController.swift */,
			);
			path = Controllers;
			sourceTree = "<group>";
		};
		45B5110225513DD9003E1518 /* Mocks */ = {
			isa = PBXGroup;
			children = (
				45B5110325513DE8003E1518 /* MockURLProtocol.swift */,
			);
			path = Mocks;
			sourceTree = "<group>";
		};
		45F8B6B5254FA02800BB878B = {
			isa = PBXGroup;
			children = (
				45F8B6C0254FA02800BB878B /* MyApp_TDDExample */,
				45F8B6D7254FA02A00BB878B /* MyApp_TDDExampleTests */,
				45F8B6BF254FA02800BB878B /* Products */,
			);
			sourceTree = "<group>";
		};
		45F8B6BF254FA02800BB878B /* Products */ = {
			isa = PBXGroup;
			children = (
				45F8B6BE254FA02800BB878B /* MyApp_TDDCompleted.app */,
				45F8B6D4254FA02A00BB878B /* MyApp_TDDCompletedTests.xctest */,
			);
			name = Products;
			sourceTree = "<group>";
		};
		45F8B6C0254FA02800BB878B /* MyApp_TDDExample */ = {
			isa = PBXGroup;
			children = (
				4565603D255124F7005C6EAD /* Controllers */,
				45F8B76F2551098500BB878B /* Network */,
				45F8B76C2551083E00BB878B /* Protocols */,
				45F8B76B2551080300BB878B /* Models */,
				45F8B6C1254FA02800BB878B /* AppDelegate.swift */,
				45F8B6C3254FA02800BB878B /* SceneDelegate.swift */,
				45F8B6C7254FA02800BB878B /* Main.storyboard */,
				45F8B6CA254FA02A00BB878B /* Assets.xcassets */,
				45F8B6CC254FA02A00BB878B /* LaunchScreen.storyboard */,
				45F8B6CF254FA02A00BB878B /* Info.plist */,
			);
			path = MyApp_TDDExample;
			sourceTree = "<group>";
		};
		45F8B6D7254FA02A00BB878B /* MyApp_TDDExampleTests */ = {
			isa = PBXGroup;
			children = (
				45B5110225513DD9003E1518 /* Mocks */,
				45F8B7702551099F00BB878B /* Network */,
				45F8B76E2551089100BB878B /* Models */,
				45F8B6DA254FA02A00BB878B /* Info.plist */,
				45F8B767255107CE00BB878B /* SIgnupWebServiceTests.swift */,
			);
			path = MyApp_TDDExampleTests;
			sourceTree = "<group>";
		};
		45F8B76B2551080300BB878B /* Models */ = {
			isa = PBXGroup;
			children = (
				45F8B711254FA2E800BB878B /* SignUpFormValidator.swift */,
				45F8B77D25510CDD00BB878B /* SignupFormRequestModel.swift */,
				456560352551231F005C6EAD /* SignupResponseModel.swift */,
				45656039255123CC005C6EAD /* SignupErrors.swift */,
			);
			path = Models;
			sourceTree = "<group>";
		};
		45F8B76C2551083E00BB878B /* Protocols */ = {
			isa = PBXGroup;
			children = (
				45F8B7202550210500BB878B /* SIgnupWebServiceProtocol.swift */,
				45F8B71C25501B6400BB878B /* SignupFormModelProtocol.swift */,
				45F8B7182550150F00BB878B /* SignUpFormValidatorProtocol.swift */,
			);
			path = Protocols;
			sourceTree = "<group>";
		};
		45F8B76E2551089100BB878B /* Models */ = {
			isa = PBXGroup;
			children = (
				45F8B709254FA0F900BB878B /* SignUpFormValidatorTests.swift */,
			);
			path = Models;
			sourceTree = "<group>";
		};
		45F8B76F2551098500BB878B /* Network */ = {
			isa = PBXGroup;
			children = (
				45F8B77925510B1300BB878B /* SignupWebService.swift */,
			);
			path = Network;
			sourceTree = "<group>";
		};
		45F8B7702551099F00BB878B /* Network */ = {
			isa = PBXGroup;
			children = (
				45F8B77525510A5700BB878B /* SignupWebServiceTests.swift */,
			);
			path = Network;
			sourceTree = "<group>";
		};
/* End PBXGroup section */

/* Begin PBXNativeTarget section */
		45F8B6BD254FA02800BB878B /* MyApp_TDDCompleted */ = {
			isa = PBXNativeTarget;
			buildConfigurationList = 45F8B6E8254FA02A00BB878B /* Build configuration list for PBXNativeTarget "MyApp_TDDCompleted" */;
			buildPhases = (
				45F8B6BA254FA02800BB878B /* Sources */,
				45F8B6BB254FA02800BB878B /* Frameworks */,
				45F8B6BC254FA02800BB878B /* Resources */,
			);
			buildRules = (
			);
			dependencies = (
			);
			name = MyApp_TDDCompleted;
			productName = MyApp_TDDExample;
			productReference = 45F8B6BE254FA02800BB878B /* MyApp_TDDCompleted.app */;
			productType = "com.apple.product-type.application";
		};
		45F8B6D3254FA02A00BB878B /* MyApp_TDDCompletedTests */ = {
			isa = PBXNativeTarget;
			buildConfigurationList = 45F8B6EB254FA02A00BB878B /* Build configuration list for PBXNativeTarget "MyApp_TDDCompletedTests" */;
			buildPhases = (
				45F8B6D0254FA02A00BB878B /* Sources */,
				45F8B6D1254FA02A00BB878B /* Frameworks */,
				45F8B6D2254FA02A00BB878B /* Resources */,
			);
			buildRules = (
			);
			dependencies = (
				45F8B6D6254FA02A00BB878B /* PBXTargetDependency */,
			);
			name = MyApp_TDDCompletedTests;
			productName = MyApp_TDDExampleTests;
			productReference = 45F8B6D4254FA02A00BB878B /* MyApp_TDDCompletedTests.xctest */;
			productType = "com.apple.product-type.bundle.unit-test";
		};
/* End PBXNativeTarget section */

/* Begin PBXProject section */
		45F8B6B6254FA02800BB878B /* Project object */ = {
			isa = PBXProject;
			attributes = {
				LastSwiftUpdateCheck = 1200;
				LastUpgradeCheck = 1200;
				TargetAttributes = {
					45F8B6BD254FA02800BB878B = {
						CreatedOnToolsVersion = 12.0.1;
					};
					45F8B6D3254FA02A00BB878B = {
						CreatedOnToolsVersion = 12.0.1;
						LastSwiftMigration = 1200;
						TestTargetID = 45F8B6BD254FA02800BB878B;
					};
				};
			};
			buildConfigurationList = 45F8B6B9254FA02800BB878B /* Build configuration list for PBXProject "MyApp_TDDCompleted" */;
			compatibilityVersion = "Xcode 9.3";
			developmentRegion = en;
			hasScannedForEncodings = 0;
			knownRegions = (
				en,
				Base,
			);
			mainGroup = 45F8B6B5254FA02800BB878B;
			productRefGroup = 45F8B6BF254FA02800BB878B /* Products */;
			projectDirPath = "";
			projectRoot = "";
			targets = (
				45F8B6BD254FA02800BB878B /* MyApp_TDDCompleted */,
				45F8B6D3254FA02A00BB878B /* MyApp_TDDCompletedTests */,
			);
		};
/* End PBXProject section */

/* Begin PBXResourcesBuildPhase section */
		45F8B6BC254FA02800BB878B /* Resources */ = {
			isa = PBXResourcesBuildPhase;
			buildActionMask = 2147483647;
			files = (
				45F8B6CE254FA02A00BB878B /* LaunchScreen.storyboard in Resources */,
				45F8B6CB254FA02A00BB878B /* Assets.xcassets in Resources */,
				45F8B6C9254FA02800BB878B /* Main.storyboard in Resources */,
			);
			runOnlyForDeploymentPostprocessing = 0;
		};
		45F8B6D2254FA02A00BB878B /* Resources */ = {
			isa = PBXResourcesBuildPhase;
			buildActionMask = 2147483647;
			files = (
			);
			runOnlyForDeploymentPostprocessing = 0;
		};
/* End PBXResourcesBuildPhase section */

/* Begin PBXSourcesBuildPhase section */
		45F8B6BA254FA02800BB878B /* Sources */ = {
			isa = PBXSourcesBuildPhase;
			buildActionMask = 2147483647;
			files = (
				456560362551231F005C6EAD /* SignupResponseModel.swift in Sources */,
				45F8B77E25510CDD00BB878B /* SignupFormRequestModel.swift in Sources */,
				45F8B7192550150F00BB878B /* SignUpFormValidatorProtocol.swift in Sources */,
				45B5110425513DE8003E1518 /* MockURLProtocol.swift in Sources */,
				45F8B712254FA2E800BB878B /* SignUpFormValidator.swift in Sources */,
				45F8B6C6254FA02800BB878B /* ViewController.swift in Sources */,
				45F8B7212550210500BB878B /* SIgnupWebServiceProtocol.swift in Sources */,
				4565603A255123CC005C6EAD /* SignupErrors.swift in Sources */,
				45F8B71D25501B6400BB878B /* SignupFormModelProtocol.swift in Sources */,
				45F8B6C2254FA02800BB878B /* AppDelegate.swift in Sources */,
				45F8B77A25510B1300BB878B /* SignupWebService.swift in Sources */,
				45F8B6C4254FA02800BB878B /* SceneDelegate.swift in Sources */,
			);
			runOnlyForDeploymentPostprocessing = 0;
		};
		45F8B6D0254FA02A00BB878B /* Sources */ = {
			isa = PBXSourcesBuildPhase;
			buildActionMask = 2147483647;
			files = (
				45F8B77625510A5700BB878B /* SignupWebServiceTests.swift in Sources */,
				45F8B768255107CF00BB878B /* SIgnupWebServiceTests.swift in Sources */,
				45F8B70A254FA0F900BB878B /* SignUpFormValidatorTests.swift in Sources */,
			);
			runOnlyForDeploymentPostprocessing = 0;
		};
/* End PBXSourcesBuildPhase section */

/* Begin PBXTargetDependency section */
		45F8B6D6254FA02A00BB878B /* PBXTargetDependency */ = {
			isa = PBXTargetDependency;
			target = 45F8B6BD254FA02800BB878B /* MyApp_TDDCompleted */;
			targetProxy = 45F8B6D5254FA02A00BB878B /* PBXContainerItemProxy */;
		};
/* End PBXTargetDependency section */

/* Begin PBXVariantGroup section */
		45F8B6C7254FA02800BB878B /* Main.storyboard */ = {
			isa = PBXVariantGroup;
			children = (
				45F8B6C8254FA02800BB878B /* Base */,
			);
			name = Main.storyboard;
			sourceTree = "<group>";
		};
		45F8B6CC254FA02A00BB878B /* LaunchScreen.storyboard */ = {
			isa = PBXVariantGroup;
			children = (
				45F8B6CD254FA02A00BB878B /* Base */,
			);
			name = LaunchScreen.storyboard;
			sourceTree = "<group>";
		};
/* End PBXVariantGroup section */

/* Begin XCBuildConfiguration section */
		45F8B6E6254FA02A00BB878B /* Debug */ = {
			isa = XCBuildConfiguration;
			buildSettings = {
				ALWAYS_SEARCH_USER_PATHS = NO;
				CLANG_ANALYZER_NONNULL = YES;
				CLANG_ANALYZER_NUMBER_OBJECT_CONVERSION = YES_AGGRESSIVE;
				CLANG_CXX_LANGUAGE_STANDARD = "gnu++14";
				CLANG_CXX_LIBRARY = "libc++";
				CLANG_ENABLE_MODULES = YES;
				CLANG_ENABLE_OBJC_ARC = YES;
				CLANG_ENABLE_OBJC_WEAK = YES;
				CLANG_WARN_BLOCK_CAPTURE_AUTORELEASING = YES;
				CLANG_WARN_BOOL_CONVERSION = YES;
				CLANG_WARN_COMMA = YES;
				CLANG_WARN_CONSTANT_CONVERSION = YES;
				CLANG_WARN_DEPRECATED_OBJC_IMPLEMENTATIONS = YES;
				CLANG_WARN_DIRECT_OBJC_ISA_USAGE = YES_ERROR;
				CLANG_WARN_DOCUMENTATION_COMMENTS = YES;
				CLANG_WARN_EMPTY_BODY = YES;
				CLANG_WARN_ENUM_CONVERSION = YES;
				CLANG_WARN_INFINITE_RECURSION = YES;
				CLANG_WARN_INT_CONVERSION = YES;
				CLANG_WARN_NON_LITERAL_NULL_CONVERSION = YES;
				CLANG_WARN_OBJC_IMPLICIT_RETAIN_SELF = YES;
				CLANG_WARN_OBJC_LITERAL_CONVERSION = YES;
				CLANG_WARN_OBJC_ROOT_CLASS = YES_ERROR;
				CLANG_WARN_QUOTED_INCLUDE_IN_FRAMEWORK_HEADER = YES;
				CLANG_WARN_RANGE_LOOP_ANALYSIS = YES;
				CLANG_WARN_STRICT_PROTOTYPES = YES;
				CLANG_WARN_SUSPICIOUS_MOVE = YES;
				CLANG_WARN_UNGUARDED_AVAILABILITY = YES_AGGRESSIVE;
				CLANG_WARN_UNREACHABLE_CODE = YES;
				CLANG_WARN__DUPLICATE_METHOD_MATCH = YES;
				COPY_PHASE_STRIP = NO;
				DEBUG_INFORMATION_FORMAT = dwarf;
				ENABLE_STRICT_OBJC_MSGSEND = YES;
				ENABLE_TESTABILITY = YES;
				GCC_C_LANGUAGE_STANDARD = gnu11;
				GCC_DYNAMIC_NO_PIC = NO;
				GCC_NO_COMMON_BLOCKS = YES;
				GCC_OPTIMIZATION_LEVEL = 0;
				GCC_PREPROCESSOR_DEFINITIONS = (
					"DEBUG=1",
					"$(inherited)",
				);
				GCC_WARN_64_TO_32_BIT_CONVERSION = YES;
				GCC_WARN_ABOUT_RETURN_TYPE = YES_ERROR;
				GCC_WARN_UNDECLARED_SELECTOR = YES;
				GCC_WARN_UNINITIALIZED_AUTOS = YES_AGGRESSIVE;
				GCC_WARN_UNUSED_FUNCTION = YES;
				GCC_WARN_UNUSED_VARIABLE = YES;
				IPHONEOS_DEPLOYMENT_TARGET = 14.0;
				MTL_ENABLE_DEBUG_INFO = INCLUDE_SOURCE;
				MTL_FAST_MATH = YES;
				ONLY_ACTIVE_ARCH = YES;
				SDKROOT = iphoneos;
				SWIFT_ACTIVE_COMPILATION_CONDITIONS = DEBUG;
				SWIFT_OPTIMIZATION_LEVEL = "-Onone";
			};
			name = Debug;
		};
		45F8B6E7254FA02A00BB878B /* Release */ = {
			isa = XCBuildConfiguration;
			buildSettings = {
				ALWAYS_SEARCH_USER_PATHS = NO;
				CLANG_ANALYZER_NONNULL = YES;
				CLANG_ANALYZER_NUMBER_OBJECT_CONVERSION = YES_AGGRESSIVE;
				CLANG_CXX_LANGUAGE_STANDARD = "gnu++14";
				CLANG_CXX_LIBRARY = "libc++";
				CLANG_ENABLE_MODULES = YES;
				CLANG_ENABLE_OBJC_ARC = YES;
				CLANG_ENABLE_OBJC_WEAK = YES;
				CLANG_WARN_BLOCK_CAPTURE_AUTORELEASING = YES;
				CLANG_WARN_BOOL_CONVERSION = YES;
				CLANG_WARN_COMMA = YES;
				CLANG_WARN_CONSTANT_CONVERSION = YES;
				CLANG_WARN_DEPRECATED_OBJC_IMPLEMENTATIONS = YES;
				CLANG_WARN_DIRECT_OBJC_ISA_USAGE = YES_ERROR;
				CLANG_WARN_DOCUMENTATION_COMMENTS = YES;
				CLANG_WARN_EMPTY_BODY = YES;
				CLANG_WARN_ENUM_CONVERSION = YES;
				CLANG_WARN_INFINITE_RECURSION = YES;
				CLANG_WARN_INT_CONVERSION = YES;
				CLANG_WARN_NON_LITERAL_NULL_CONVERSION = YES;
				CLANG_WARN_OBJC_IMPLICIT_RETAIN_SELF = YES;
				CLANG_WARN_OBJC_LITERAL_CONVERSION = YES;
				CLANG_WARN_OBJC_ROOT_CLASS = YES_ERROR;
				CLANG_WARN_QUOTED_INCLUDE_IN_FRAMEWORK_HEADER = YES;
				CLANG_WARN_RANGE_LOOP_ANALYSIS = YES;
				CLANG_WARN_STRICT_PROTOTYPES = YES;
				CLANG_WARN_SUSPICIOUS_MOVE = YES;
				CLANG_WARN_UNGUARDED_AVAILABILITY = YES_AGGRESSIVE;
				CLANG_WARN_UNREACHABLE_CODE = YES;
				CLANG_WARN__DUPLICATE_METHOD_MATCH = YES;
				COPY_PHASE_STRIP = NO;
				DEBUG_INFORMATION_FORMAT = "dwarf-with-dsym";
				ENABLE_NS_ASSERTIONS = NO;
				ENABLE_STRICT_OBJC_MSGSEND = YES;
				GCC_C_LANGUAGE_STANDARD = gnu11;
				GCC_NO_COMMON_BLOCKS = YES;
				GCC_WARN_64_TO_32_BIT_CONVERSION = YES;
				GCC_WARN_ABOUT_RETURN_TYPE = YES_ERROR;
				GCC_WARN_UNDECLARED_SELECTOR = YES;
				GCC_WARN_UNINITIALIZED_AUTOS = YES_AGGRESSIVE;
				GCC_WARN_UNUSED_FUNCTION = YES;
				GCC_WARN_UNUSED_VARIABLE = YES;
				IPHONEOS_DEPLOYMENT_TARGET = 14.0;
				MTL_ENABLE_DEBUG_INFO = NO;
				MTL_FAST_MATH = YES;
				SDKROOT = iphoneos;
				SWIFT_COMPILATION_MODE = wholemodule;
				SWIFT_OPTIMIZATION_LEVEL = "-O";
				VALIDATE_PRODUCT = YES;
			};
			name = Release;
		};
		45F8B6E9254FA02A00BB878B /* Debug */ = {
			isa = XCBuildConfiguration;
			buildSettings = {
				ASSETCATALOG_COMPILER_APPICON_NAME = AppIcon;
				ASSETCATALOG_COMPILER_GLOBAL_ACCENT_COLOR_NAME = AccentColor;
				CODE_SIGN_STYLE = Automatic;
				INFOPLIST_FILE = MyApp_TDDExample/Info.plist;
				LD_RUNPATH_SEARCH_PATHS = (
					"$(inherited)",
					"@executable_path/Frameworks",
				);
				PRODUCT_BUNDLE_IDENTIFIER = "com.noelpoo.MyApp-TDDExample";
				PRODUCT_NAME = "$(TARGET_NAME)";
				SWIFT_VERSION = 5.0;
				TARGETED_DEVICE_FAMILY = "1,2";
			};
			name = Debug;
		};
		45F8B6EA254FA02A00BB878B /* Release */ = {
			isa = XCBuildConfiguration;
			buildSettings = {
				ASSETCATALOG_COMPILER_APPICON_NAME = AppIcon;
				ASSETCATALOG_COMPILER_GLOBAL_ACCENT_COLOR_NAME = AccentColor;
				CODE_SIGN_STYLE = Automatic;
				INFOPLIST_FILE = MyApp_TDDExample/Info.plist;
				LD_RUNPATH_SEARCH_PATHS = (
					"$(inherited)",
					"@executable_path/Frameworks",
				);
				PRODUCT_BUNDLE_IDENTIFIER = "com.noelpoo.MyApp-TDDExample";
				PRODUCT_NAME = "$(TARGET_NAME)";
				SWIFT_VERSION = 5.0;
				TARGETED_DEVICE_FAMILY = "1,2";
			};
			name = Release;
		};
		45F8B6EC254FA02A00BB878B /* Debug */ = {
			isa = XCBuildConfiguration;
			buildSettings = {
				ALWAYS_EMBED_SWIFT_STANDARD_LIBRARIES = YES;
				BUNDLE_LOADER = "$(TEST_HOST)";
				CLANG_ENABLE_MODULES = YES;
				CODE_SIGN_STYLE = Automatic;
				INFOPLIST_FILE = MyApp_TDDExampleTests/Info.plist;
				IPHONEOS_DEPLOYMENT_TARGET = 14.0;
				LD_RUNPATH_SEARCH_PATHS = (
					"$(inherited)",
					"@executable_path/Frameworks",
					"@loader_path/Frameworks",
				);
				PRODUCT_BUNDLE_IDENTIFIER = "com.noelpoo.MyApp-TDDExampleTests";
				PRODUCT_NAME = "$(TARGET_NAME)";
				SWIFT_OPTIMIZATION_LEVEL = "-Onone";
				SWIFT_VERSION = 5.0;
				TARGETED_DEVICE_FAMILY = "1,2";
				TEST_HOST = "$(BUILT_PRODUCTS_DIR)/MyApp_TDDCompleted.app/MyApp_TDDCompleted";
			};
			name = Debug;
		};
		45F8B6ED254FA02A00BB878B /* Release */ = {
			isa = XCBuildConfiguration;
			buildSettings = {
				ALWAYS_EMBED_SWIFT_STANDARD_LIBRARIES = YES;
				BUNDLE_LOADER = "$(TEST_HOST)";
				CLANG_ENABLE_MODULES = YES;
				CODE_SIGN_STYLE = Automatic;
				INFOPLIST_FILE = MyApp_TDDExampleTests/Info.plist;
				IPHONEOS_DEPLOYMENT_TARGET = 14.0;
				LD_RUNPATH_SEARCH_PATHS = (
					"$(inherited)",
					"@executable_path/Frameworks",
					"@loader_path/Frameworks",
				);
				PRODUCT_BUNDLE_IDENTIFIER = "com.noelpoo.MyApp-TDDExampleTests";
				PRODUCT_NAME = "$(TARGET_NAME)";
				SWIFT_VERSION = 5.0;
				TARGETED_DEVICE_FAMILY = "1,2";
				TEST_HOST = "$(BUILT_PRODUCTS_DIR)/MyApp_TDDCompleted.app/MyApp_TDDCompleted";
			};
			name = Release;
		};
/* End XCBuildConfiguration section */

/* Begin XCConfigurationList section */
		45F8B6B9254FA02800BB878B /* Build configuration list for PBXProject "MyApp_TDDCompleted" */ = {
			isa = XCConfigurationList;
			buildConfigurations = (
				45F8B6E6254FA02A00BB878B /* Debug */,
				45F8B6E7254FA02A00BB878B /* Release */,
			);
			defaultConfigurationIsVisible = 0;
			defaultConfigurationName = Release;
		};
		45F8B6E8254FA02A00BB878B /* Build configuration list for PBXNativeTarget "MyApp_TDDCompleted" */ = {
			isa = XCConfigurationList;
			buildConfigurations = (
				45F8B6E9254FA02A00BB878B /* Debug */,
				45F8B6EA254FA02A00BB878B /* Release */,
			);
			defaultConfigurationIsVisible = 0;
			defaultConfigurationName = Release;
		};
		45F8B6EB254FA02A00BB878B /* Build configuration list for PBXNativeTarget "MyApp_TDDCompletedTests" */ = {
			isa = XCConfigurationList;
			buildConfigurations = (
				45F8B6EC254FA02A00BB878B /* Debug */,
				45F8B6ED254FA02A00BB878B /* Release */,
			);
			defaultConfigurationIsVisible = 0;
			defaultConfigurationName = Release;
		};
/* End XCConfigurationList section */
	};
	rootObject = 45F8B6B6254FA02800BB878B /* Project object */;
}
