// !$*UTF8*$!
{
	archiveVersion = 1;
	classes = {
	};
	objectVersion = 50;
	objects = {

/* Begin PBXBuildFile section */
		45F8B6C2254FA02800BB878B /* AppDelegate.swift in Sources */ = {isa = PBXBuildFile; fileRef = 45F8B6C1254FA02800BB878B /* AppDelegate.swift */; };
		45F8B6C4254FA02800BB878B /* SceneDelegate.swift in Sources */ = {isa = PBXBuildFile; fileRef = 45F8B6C3254FA02800BB878B /* SceneDelegate.swift */; };
		45F8B6C6254FA02800BB878B /* ViewController.swift in Sources */ = {isa = PBXBuildFile; fileRef = 45F8B6C5254FA02800BB878B /* ViewController.swift */; };
		45F8B6C9254FA02800BB878B /* Main.storyboard in Resources */ = {isa = PBXBuildFile; fileRef = 45F8B6C7254FA02800BB878B /* Main.storyboard */; };
		45F8B6CB254FA02A00BB878B /* Assets.xcassets in Resources */ = {isa = PBXBuildFile; fileRef = 45F8B6CA254FA02A00BB878B /* Assets.xcassets */; };
		45F8B6CE254FA02A00BB878B /* LaunchScreen.storyboard in Resources */ = {isa = PBXBuildFile; fileRef = 45F8B6CC254FA02A00BB878B /* LaunchScreen.storyboard */; };
		45F8B6D9254FA02A00BB878B /* MyApp_TDDExampleTests.swift in Sources */ = {isa = PBXBuildFile; fileRef = 45F8B6D8254FA02A00BB878B /* MyApp_TDDExampleTests.swift */; };
		45F8B6E4254FA02A00BB878B /* MyApp_TDDExampleUITests.swift in Sources */ = {isa = PBXBuildFile; fileRef = 45F8B6E3254FA02A00BB878B /* MyApp_TDDExampleUITests.swift */; };
/* End PBXBuildFile section */

/* Begin PBXContainerItemProxy section */
		45F8B6D5254FA02A00BB878B /* PBXContainerItemProxy */ = {
			isa = PBXContainerItemProxy;
			containerPortal = 45F8B6B6254FA02800BB878B /* Project object */;
			proxyType = 1;
			remoteGlobalIDString = 45F8B6BD254FA02800BB878B;
			remoteInfo = MyApp_TDDExample;
		};
		45F8B6E0254FA02A00BB878B /* PBXContainerItemProxy */ = {
			isa = PBXContainerItemProxy;
			containerPortal = 45F8B6B6254FA02800BB878B /* Project object */;
			proxyType = 1;
			remoteGlobalIDString = 45F8B6BD254FA02800BB878B;
			remoteInfo = MyApp_TDDExample;
		};
/* End PBXContainerItemProxy section */

/* Begin PBXFileReference section */
		45F8B6BE254FA02800BB878B /* MyApp_TDDExample.app */ = {isa = PBXFileReference; explicitFileType = wrapper.application; includeInIndex = 0; path = MyApp_TDDExample.app; sourceTree = BUILT_PRODUCTS_DIR; };
		45F8B6C1254FA02800BB878B /* AppDelegate.swift */ = {isa = PBXFileReference; lastKnownFileType = sourcecode.swift; path = AppDelegate.swift; sourceTree = "<group>"; };
		45F8B6C3254FA02800BB878B /* SceneDelegate.swift */ = {isa = PBXFileReference; lastKnownFileType = sourcecode.swift; path = SceneDelegate.swift; sourceTree = "<group>"; };
		45F8B6C5254FA02800BB878B /* ViewController.swift */ = {isa = PBXFileReference; lastKnownFileType = sourcecode.swift; path = ViewController.swift; sourceTree = "<group>"; };
		45F8B6C8254FA02800BB878B /* Base */ = {isa = PBXFileReference; lastKnownFileType = file.storyboard; name = Base; path = Base.lproj/Main.storyboard; sourceTree = "<group>"; };
		45F8B6CA254FA02A00BB878B /* Assets.xcassets */ = {isa = PBXFileReference; lastKnownFileType = folder.assetcatalog; path = Assets.xcassets; sourceTree = "<group>"; };
		45F8B6CD254FA02A00BB878B /* Base */ = {isa = PBXFileReference; lastKnownFileType = file.storyboard; name = Base; path = Base.lproj/LaunchScreen.storyboard; sourceTree = "<group>"; };
		45F8B6CF254FA02A00BB878B /* Info.plist */ = {isa = PBXFileReference; lastKnownFileType = text.plist.xml; path = Info.plist; sourceTree = "<group>"; };
		45F8B6D4254FA02A00BB878B /* MyApp_TDDExampleTests.xctest */ = {isa = PBXFileReference; explicitFileType = wrapper.cfbundle; includeInIndex = 0; path = MyApp_TDDExampleTests.xctest; sourceTree = BUILT_PRODUCTS_DIR; };
		45F8B6D8254FA02A00BB878B /* MyApp_TDDExampleTests.swift */ = {isa = PBXFileReference; lastKnownFileType = sourcecode.swift; path = MyApp_TDDExampleTests.swift; sourceTree = "<group>"; };
		45F8B6DA254FA02A00BB878B /* Info.plist */ = {isa = PBXFileReference; lastKnownFileType = text.plist.xml; path = Info.plist; sourceTree = "<group>"; };
		45F8B6DF254FA02A00BB878B /* MyApp_TDDExampleUITests.xctest */ = {isa = PBXFileReference; explicitFileType = wrapper.cfbundle; includeInIndex = 0; path = MyApp_TDDExampleUITests.xctest; sourceTree = BUILT_PRODUCTS_DIR; };
		45F8B6E3254FA02A00BB878B /* MyApp_TDDExampleUITests.swift */ = {isa = PBXFileReference; lastKnownFileType = sourcecode.swift; path = MyApp_TDDExampleUITests.swift; sourceTree = "<group>"; };
		45F8B6E5254FA02A00BB878B /* Info.plist */ = {isa = PBXFileReference; lastKnownFileType = text.plist.xml; path = Info.plist; sourceTree = "<group>"; };
/* End PBXFileReference section */

/* Begin PBXFrameworksBuildPhase section */
		45F8B6BB254FA02800BB878B /* Frameworks */ = {
			isa = PBXFrameworksBuildPhase;
			buildActionMask = 2147483647;
			files = (
			);
			runOnlyForDeploymentPostprocessing = 0;
		};
		45F8B6D1254FA02A00BB878B /* Frameworks */ = {
			isa = PBXFrameworksBuildPhase;
			buildActionMask = 2147483647;
			files = (
			);
			runOnlyForDeploymentPostprocessing = 0;
		};
		45F8B6DC254FA02A00BB878B /* Frameworks */ = {
			isa = PBXFrameworksBuildPhase;
			buildActionMask = 2147483647;
			files = (
			);
			runOnlyForDeploymentPostprocessing = 0;
		};
/* End PBXFrameworksBuildPhase section */

/* Begin PBXGroup section */
		45F8B6B5254FA02800BB878B = {
			isa = PBXGroup;
			children = (
				45F8B6C0254FA02800BB878B /* MyApp_TDDExample */,
				45F8B6D7254FA02A00BB878B /* MyApp_TDDExampleTests */,
				45F8B6E2254FA02A00BB878B /* MyApp_TDDExampleUITests */,
				45F8B6BF254FA02800BB878B /* Products */,
			);
			sourceTree = "<group>";
		};
		45F8B6BF254FA02800BB878B /* Products */ = {
			isa = PBXGroup;
			children = (
				45F8B6BE254FA02800BB878B /* MyApp_TDDExample.app */,
				45F8B6D4254FA02A00BB878B /* MyApp_TDDExampleTests.xctest */,
				45F8B6DF254FA02A00BB878B /* MyApp_TDDExampleUITests.xctest */,
			);
			name = Products;
			sourceTree = "<group>";
		};
		45F8B6C0254FA02800BB878B /* MyApp_TDDExample */ = {
			isa = PBXGroup;
			children = (
				45F8B6C1254FA02800BB878B /* AppDelegate.swift */,
				45F8B6C3254FA02800BB878B /* SceneDelegate.swift */,
				45F8B6C5254FA02800BB878B /* ViewController.swift */,
				45F8B6C7254FA02800BB878B /* Main.storyboard */,
				45F8B6CA254FA02A00BB878B /* Assets.xcassets */,
				45F8B6CC254FA02A00BB878B /* LaunchScreen.storyboard */,
				45F8B6CF254FA02A00BB878B /* Info.plist */,
			);
			path = MyApp_TDDExample;
			sourceTree = "<group>";
		};
		45F8B6D7254FA02A00BB878B /* MyApp_TDDExampleTests */ = {
			isa = PBXGroup;
			children = (
				45F8B6D8254FA02A00BB878B /* MyApp_TDDExampleTests.swift */,
				45F8B6DA254FA02A00BB878B /* Info.plist */,
			);
			path = MyApp_TDDExampleTests;
			sourceTree = "<group>";
		};
		45F8B6E2254FA02A00BB878B /* MyApp_TDDExampleUITests */ = {
			isa = PBXGroup;
			children = (
				45F8B6E3254FA02A00BB878B /* MyApp_TDDExampleUITests.swift */,
				45F8B6E5254FA02A00BB878B /* Info.plist */,
			);
			path = MyApp_TDDExampleUITests;
			sourceTree = "<group>";
		};
/* End PBXGroup section */

/* Begin PBXNativeTarget section */
		45F8B6BD254FA02800BB878B /* MyApp_TDDExample */ = {
			isa = PBXNativeTarget;
			buildConfigurationList = 45F8B6E8254FA02A00BB878B /* Build configuration list for PBXNativeTarget "MyApp_TDDExample" */;
			buildPhases = (
				45F8B6BA254FA02800BB878B /* Sources */,
				45F8B6BB254FA02800BB878B /* Frameworks */,
				45F8B6BC254FA02800BB878B /* Resources */,
			);
			buildRules = (
			);
			dependencies = (
			);
			name = MyApp_TDDExample;
			productName = MyApp_TDDExample;
			productReference = 45F8B6BE254FA02800BB878B /* MyApp_TDDExample.app */;
			productType = "com.apple.product-type.application";
		};
		45F8B6D3254FA02A00BB878B /* MyApp_TDDExampleTests */ = {
			isa = PBXNativeTarget;
			buildConfigurationList = 45F8B6EB254FA02A00BB878B /* Build configuration list for PBXNativeTarget "MyApp_TDDExampleTests" */;
			buildPhases = (
				45F8B6D0254FA02A00BB878B /* Sources */,
				45F8B6D1254FA02A00BB878B /* Frameworks */,
				45F8B6D2254FA02A00BB878B /* Resources */,
			);
			buildRules = (
			);
			dependencies = (
				45F8B6D6254FA02A00BB878B /* PBXTargetDependency */,
			);
			name = MyApp_TDDExampleTests;
			productName = MyApp_TDDExampleTests;
			productReference = 45F8B6D4254FA02A00BB878B /* MyApp_TDDExampleTests.xctest */;
			productType = "com.apple.product-type.bundle.unit-test";
		};
		45F8B6DE254FA02A00BB878B /* MyApp_TDDExampleUITests */ = {
			isa = PBXNativeTarget;
			buildConfigurationList = 45F8B6EE254FA02A00BB878B /* Build configuration list for PBXNativeTarget "MyApp_TDDExampleUITests" */;
			buildPhases = (
				45F8B6DB254FA02A00BB878B /* Sources */,
				45F8B6DC254FA02A00BB878B /* Frameworks */,
				45F8B6DD254FA02A00BB878B /* Resources */,
			);
			buildRules = (
			);
			dependencies = (
				45F8B6E1254FA02A00BB878B /* PBXTargetDependency */,
			);
			name = MyApp_TDDExampleUITests;
			productName = MyApp_TDDExampleUITests;
			productReference = 45F8B6DF254FA02A00BB878B /* MyApp_TDDExampleUITests.xctest */;
			productType = "com.apple.product-type.bundle.ui-testing";
		};
/* End PBXNativeTarget section */

/* Begin PBXProject section */
		45F8B6B6254FA02800BB878B /* Project object */ = {
			isa = PBXProject;
			attributes = {
				LastSwiftUpdateCheck = 1200;
				LastUpgradeCheck = 1200;
				TargetAttributes = {
					45F8B6BD254FA02800BB878B = {
						CreatedOnToolsVersion = 12.0.1;
					};
					45F8B6D3254FA02A00BB878B = {
						CreatedOnToolsVersion = 12.0.1;
						TestTargetID = 45F8B6BD254FA02800BB878B;
					};
					45F8B6DE254FA02A00BB878B = {
						CreatedOnToolsVersion = 12.0.1;
						TestTargetID = 45F8B6BD254FA02800BB878B;
					};
				};
			};
			buildConfigurationList = 45F8B6B9254FA02800BB878B /* Build configuration list for PBXProject "MyApp_TDDExample" */;
			compatibilityVersion = "Xcode 9.3";
			developmentRegion = en;
			hasScannedForEncodings = 0;
			knownRegions = (
				en,
				Base,
			);
			mainGroup = 45F8B6B5254FA02800BB878B;
			productRefGroup = 45F8B6BF254FA02800BB878B /* Products */;
			projectDirPath = "";
			projectRoot = "";
			targets = (
				45F8B6BD254FA02800BB878B /* MyApp_TDDExample */,
				45F8B6D3254FA02A00BB878B /* MyApp_TDDExampleTests */,
				45F8B6DE254FA02A00BB878B /* MyApp_TDDExampleUITests */,
			);
		};
/* End PBXProject section */

/* Begin PBXResourcesBuildPhase section */
		45F8B6BC254FA02800BB878B /* Resources */ = {
			isa = PBXResourcesBuildPhase;
			buildActionMask = 2147483647;
			files = (
				45F8B6CE254FA02A00BB878B /* LaunchScreen.storyboard in Resources */,
				45F8B6CB254FA02A00BB878B /* Assets.xcassets in Resources */,
				45F8B6C9254FA02800BB878B /* Main.storyboard in Resources */,
			);
			runOnlyForDeploymentPostprocessing = 0;
		};
		45F8B6D2254FA02A00BB878B /* Resources */ = {
			isa = PBXResourcesBuildPhase;
			buildActionMask = 2147483647;
			files = (
			);
			runOnlyForDeploymentPostprocessing = 0;
		};
		45F8B6DD254FA02A00BB878B /* Resources */ = {
			isa = PBXResourcesBuildPhase;
			buildActionMask = 2147483647;
			files = (
			);
			runOnlyForDeploymentPostprocessing = 0;
		};
/* End PBXResourcesBuildPhase section */

/* Begin PBXSourcesBuildPhase section */
		45F8B6BA254FA02800BB878B /* Sources */ = {
			isa = PBXSourcesBuildPhase;
			buildActionMask = 2147483647;
			files = (
				45F8B6C6254FA02800BB878B /* ViewController.swift in Sources */,
				45F8B6C2254FA02800BB878B /* AppDelegate.swift in Sources */,
				45F8B6C4254FA02800BB878B /* SceneDelegate.swift in Sources */,
			);
			runOnlyForDeploymentPostprocessing = 0;
		};
		45F8B6D0254FA02A00BB878B /* Sources */ = {
			isa = PBXSourcesBuildPhase;
			buildActionMask = 2147483647;
			files = (
				45F8B6D9254FA02A00BB878B /* MyApp_TDDExampleTests.swift in Sources */,
			);
			runOnlyForDeploymentPostprocessing = 0;
		};
		45F8B6DB254FA02A00BB878B /* Sources */ = {
			isa = PBXSourcesBuildPhase;
			buildActionMask = 2147483647;
			files = (
				45F8B6E4254FA02A00BB878B /* MyApp_TDDExampleUITests.swift in Sources */,
			);
			runOnlyForDeploymentPostprocessing = 0;
		};
/* End PBXSourcesBuildPhase section */

/* Begin PBXTargetDependency section */
		45F8B6D6254FA02A00BB878B /* PBXTargetDependency */ = {
			isa = PBXTargetDependency;
			target = 45F8B6BD254FA02800BB878B /* MyApp_TDDExample */;
			targetProxy = 45F8B6D5254FA02A00BB878B /* PBXContainerItemProxy */;
		};
		45F8B6E1254FA02A00BB878B /* PBXTargetDependency */ = {
			isa = PBXTargetDependency;
			target = 45F8B6BD254FA02800BB878B /* MyApp_TDDExample */;
			targetProxy = 45F8B6E0254FA02A00BB878B /* PBXContainerItemProxy */;
		};
/* End PBXTargetDependency section */

/* Begin PBXVariantGroup section */
		45F8B6C7254FA02800BB878B /* Main.storyboard */ = {
			isa = PBXVariantGroup;
			children = (
				45F8B6C8254FA02800BB878B /* Base */,
			);
			name = Main.storyboard;
			sourceTree = "<group>";
		};
		45F8B6CC254FA02A00BB878B /* LaunchScreen.storyboard */ = {
			isa = PBXVariantGroup;
			children = (
				45F8B6CD254FA02A00BB878B /* Base */,
			);
			name = LaunchScreen.storyboard;
			sourceTree = "<group>";
		};
/* End PBXVariantGroup section */

/* Begin XCBuildConfiguration section */
		45F8B6E6254FA02A00BB878B /* Debug */ = {
			isa = XCBuildConfiguration;
			buildSettings = {
				ALWAYS_SEARCH_USER_PATHS = NO;
				CLANG_ANALYZER_NONNULL = YES;
				CLANG_ANALYZER_NUMBER_OBJECT_CONVERSION = YES_AGGRESSIVE;
				CLANG_CXX_LANGUAGE_STANDARD = "gnu++14";
				CLANG_CXX_LIBRARY = "libc++";
				CLANG_ENABLE_MODULES = YES;
				CLANG_ENABLE_OBJC_ARC = YES;
				CLANG_ENABLE_OBJC_WEAK = YES;
				CLANG_WARN_BLOCK_CAPTURE_AUTORELEASING = YES;
				CLANG_WARN_BOOL_CONVERSION = YES;
				CLANG_WARN_COMMA = YES;
				CLANG_WARN_CONSTANT_CONVERSION = YES;
				CLANG_WARN_DEPRECATED_OBJC_IMPLEMENTATIONS = YES;
				CLANG_WARN_DIRECT_OBJC_ISA_USAGE = YES_ERROR;
				CLANG_WARN_DOCUMENTATION_COMMENTS = YES;
				CLANG_WARN_EMPTY_BODY = YES;
				CLANG_WARN_ENUM_CONVERSION = YES;
				CLANG_WARN_INFINITE_RECURSION = YES;
				CLANG_WARN_INT_CONVERSION = YES;
				CLANG_WARN_NON_LITERAL_NULL_CONVERSION = YES;
				CLANG_WARN_OBJC_IMPLICIT_RETAIN_SELF = YES;
				CLANG_WARN_OBJC_LITERAL_CONVERSION = YES;
				CLANG_WARN_OBJC_ROOT_CLASS = YES_ERROR;
				CLANG_WARN_QUOTED_INCLUDE_IN_FRAMEWORK_HEADER = YES;
				CLANG_WARN_RANGE_LOOP_ANALYSIS = YES;
				CLANG_WARN_STRICT_PROTOTYPES = YES;
				CLANG_WARN_SUSPICIOUS_MOVE = YES;
				CLANG_WARN_UNGUARDED_AVAILABILITY = YES_AGGRESSIVE;
				CLANG_WARN_UNREACHABLE_CODE = YES;
				CLANG_WARN__DUPLICATE_METHOD_MATCH = YES;
				COPY_PHASE_STRIP = NO;
				DEBUG_INFORMATION_FORMAT = dwarf;
				ENABLE_STRICT_OBJC_MSGSEND = YES;
				ENABLE_TESTABILITY = YES;
				GCC_C_LANGUAGE_STANDARD = gnu11;
				GCC_DYNAMIC_NO_PIC = NO;
				GCC_NO_COMMON_BLOCKS = YES;
				GCC_OPTIMIZATION_LEVEL = 0;
				GCC_PREPROCESSOR_DEFINITIONS = (
					"DEBUG=1",
					"$(inherited)",
				);
				GCC_WARN_64_TO_32_BIT_CONVERSION = YES;
				GCC_WARN_ABOUT_RETURN_TYPE = YES_ERROR;
				GCC_WARN_UNDECLARED_SELECTOR = YES;
				GCC_WARN_UNINITIALIZED_AUTOS = YES_AGGRESSIVE;
				GCC_WARN_UNUSED_FUNCTION = YES;
				GCC_WARN_UNUSED_VARIABLE = YES;
				IPHONEOS_DEPLOYMENT_TARGET = 14.0;
				MTL_ENABLE_DEBUG_INFO = INCLUDE_SOURCE;
				MTL_FAST_MATH = YES;
				ONLY_ACTIVE_ARCH = YES;
				SDKROOT = iphoneos;
				SWIFT_ACTIVE_COMPILATION_CONDITIONS = DEBUG;
				SWIFT_OPTIMIZATION_LEVEL = "-Onone";
			};
			name = Debug;
		};
		45F8B6E7254FA02A00BB878B /* Release */ = {
			isa = XCBuildConfiguration;
			buildSettings = {
				ALWAYS_SEARCH_USER_PATHS = NO;
				CLANG_ANALYZER_NONNULL = YES;
				CLANG_ANALYZER_NUMBER_OBJECT_CONVERSION = YES_AGGRESSIVE;
				CLANG_CXX_LANGUAGE_STANDARD = "gnu++14";
				CLANG_CXX_LIBRARY = "libc++";
				CLANG_ENABLE_MODULES = YES;
				CLANG_ENABLE_OBJC_ARC = YES;
				CLANG_ENABLE_OBJC_WEAK = YES;
				CLANG_WARN_BLOCK_CAPTURE_AUTORELEASING = YES;
				CLANG_WARN_BOOL_CONVERSION = YES;
				CLANG_WARN_COMMA = YES;
				CLANG_WARN_CONSTANT_CONVERSION = YES;
				CLANG_WARN_DEPRECATED_OBJC_IMPLEMENTATIONS = YES;
				CLANG_WARN_DIRECT_OBJC_ISA_USAGE = YES_ERROR;
				CLANG_WARN_DOCUMENTATION_COMMENTS = YES;
				CLANG_WARN_EMPTY_BODY = YES;
				CLANG_WARN_ENUM_CONVERSION = YES;
				CLANG_WARN_INFINITE_RECURSION = YES;
				CLANG_WARN_INT_CONVERSION = YES;
				CLANG_WARN_NON_LITERAL_NULL_CONVERSION = YES;
				CLANG_WARN_OBJC_IMPLICIT_RETAIN_SELF = YES;
				CLANG_WARN_OBJC_LITERAL_CONVERSION = YES;
				CLANG_WARN_OBJC_ROOT_CLASS = YES_ERROR;
				CLANG_WARN_QUOTED_INCLUDE_IN_FRAMEWORK_HEADER = YES;
				CLANG_WARN_RANGE_LOOP_ANALYSIS = YES;
				CLANG_WARN_STRICT_PROTOTYPES = YES;
				CLANG_WARN_SUSPICIOUS_MOVE = YES;
				CLANG_WARN_UNGUARDED_AVAILABILITY = YES_AGGRESSIVE;
				CLANG_WARN_UNREACHABLE_CODE = YES;
				CLANG_WARN__DUPLICATE_METHOD_MATCH = YES;
				COPY_PHASE_STRIP = NO;
				DEBUG_INFORMATION_FORMAT = "dwarf-with-dsym";
				ENABLE_NS_ASSERTIONS = NO;
				ENABLE_STRICT_OBJC_MSGSEND = YES;
				GCC_C_LANGUAGE_STANDARD = gnu11;
				GCC_NO_COMMON_BLOCKS = YES;
				GCC_WARN_64_TO_32_BIT_CONVERSION = YES;
				GCC_WARN_ABOUT_RETURN_TYPE = YES_ERROR;
				GCC_WARN_UNDECLARED_SELECTOR = YES;
				GCC_WARN_UNINITIALIZED_AUTOS = YES_AGGRESSIVE;
				GCC_WARN_UNUSED_FUNCTION = YES;
				GCC_WARN_UNUSED_VARIABLE = YES;
				IPHONEOS_DEPLOYMENT_TARGET = 14.0;
				MTL_ENABLE_DEBUG_INFO = NO;
				MTL_FAST_MATH = YES;
				SDKROOT = iphoneos;
				SWIFT_COMPILATION_MODE = wholemodule;
				SWIFT_OPTIMIZATION_LEVEL = "-O";
				VALIDATE_PRODUCT = YES;
			};
			name = Release;
		};
		45F8B6E9254FA02A00BB878B /* Debug */ = {
			isa = XCBuildConfiguration;
			buildSettings = {
				ASSETCATALOG_COMPILER_APPICON_NAME = AppIcon;
				ASSETCATALOG_COMPILER_GLOBAL_ACCENT_COLOR_NAME = AccentColor;
				CODE_SIGN_STYLE = Automatic;
				INFOPLIST_FILE = MyApp_TDDExample/Info.plist;
				LD_RUNPATH_SEARCH_PATHS = (
					"$(inherited)",
					"@executable_path/Frameworks",
				);
				PRODUCT_BUNDLE_IDENTIFIER = "com.noelpoo.MyApp-TDDExample";
				PRODUCT_NAME = "$(TARGET_NAME)";
				SWIFT_VERSION = 5.0;
				TARGETED_DEVICE_FAMILY = "1,2";
			};
			name = Debug;
		};
		45F8B6EA254FA02A00BB878B /* Release */ = {
			isa = XCBuildConfiguration;
			buildSettings = {
				ASSETCATALOG_COMPILER_APPICON_NAME = AppIcon;
				ASSETCATALOG_COMPILER_GLOBAL_ACCENT_COLOR_NAME = AccentColor;
				CODE_SIGN_STYLE = Automatic;
				INFOPLIST_FILE = MyApp_TDDExample/Info.plist;
				LD_RUNPATH_SEARCH_PATHS = (
					"$(inherited)",
					"@executable_path/Frameworks",
				);
				PRODUCT_BUNDLE_IDENTIFIER = "com.noelpoo.MyApp-TDDExample";
				PRODUCT_NAME = "$(TARGET_NAME)";
				SWIFT_VERSION = 5.0;
				TARGETED_DEVICE_FAMILY = "1,2";
			};
			name = Release;
		};
		45F8B6EC254FA02A00BB878B /* Debug */ = {
			isa = XCBuildConfiguration;
			buildSettings = {
				ALWAYS_EMBED_SWIFT_STANDARD_LIBRARIES = YES;
				BUNDLE_LOADER = "$(TEST_HOST)";
				CODE_SIGN_STYLE = Automatic;
				INFOPLIST_FILE = MyApp_TDDExampleTests/Info.plist;
				IPHONEOS_DEPLOYMENT_TARGET = 14.0;
				LD_RUNPATH_SEARCH_PATHS = (
					"$(inherited)",
					"@executable_path/Frameworks",
					"@loader_path/Frameworks",
				);
				PRODUCT_BUNDLE_IDENTIFIER = "com.noelpoo.MyApp-TDDExampleTests";
				PRODUCT_NAME = "$(TARGET_NAME)";
				SWIFT_VERSION = 5.0;
				TARGETED_DEVICE_FAMILY = "1,2";
				TEST_HOST = "$(BUILT_PRODUCTS_DIR)/MyApp_TDDExample.app/MyApp_TDDExample";
			};
			name = Debug;
		};
		45F8B6ED254FA02A00BB878B /* Release */ = {
			isa = XCBuildConfiguration;
			buildSettings = {
				ALWAYS_EMBED_SWIFT_STANDARD_LIBRARIES = YES;
				BUNDLE_LOADER = "$(TEST_HOST)";
				CODE_SIGN_STYLE = Automatic;
				INFOPLIST_FILE = MyApp_TDDExampleTests/Info.plist;
				IPHONEOS_DEPLOYMENT_TARGET = 14.0;
				LD_RUNPATH_SEARCH_PATHS = (
					"$(inherited)",
					"@executable_path/Frameworks",
					"@loader_path/Frameworks",
				);
				PRODUCT_BUNDLE_IDENTIFIER = "com.noelpoo.MyApp-TDDExampleTests";
				PRODUCT_NAME = "$(TARGET_NAME)";
				SWIFT_VERSION = 5.0;
				TARGETED_DEVICE_FAMILY = "1,2";
				TEST_HOST = "$(BUILT_PRODUCTS_DIR)/MyApp_TDDExample.app/MyApp_TDDExample";
			};
			name = Release;
		};
		45F8B6EF254FA02A00BB878B /* Debug */ = {
			isa = XCBuildConfiguration;
			buildSettings = {
				ALWAYS_EMBED_SWIFT_STANDARD_LIBRARIES = YES;
				CODE_SIGN_STYLE = Automatic;
				INFOPLIST_FILE = MyApp_TDDExampleUITests/Info.plist;
				LD_RUNPATH_SEARCH_PATHS = (
					"$(inherited)",
					"@executable_path/Frameworks",
					"@loader_path/Frameworks",
				);
				PRODUCT_BUNDLE_IDENTIFIER = "com.noelpoo.MyApp-TDDExampleUITests";
				PRODUCT_NAME = "$(TARGET_NAME)";
				SWIFT_VERSION = 5.0;
				TARGETED_DEVICE_FAMILY = "1,2";
				TEST_TARGET_NAME = MyApp_TDDExample;
			};
			name = Debug;
		};
		45F8B6F0254FA02A00BB878B /* Release */ = {
			isa = XCBuildConfiguration;
			buildSettings = {
				ALWAYS_EMBED_SWIFT_STANDARD_LIBRARIES = YES;
				CODE_SIGN_STYLE = Automatic;
				INFOPLIST_FILE = MyApp_TDDExampleUITests/Info.plist;
				LD_RUNPATH_SEARCH_PATHS = (
					"$(inherited)",
					"@executable_path/Frameworks",
					"@loader_path/Frameworks",
				);
				PRODUCT_BUNDLE_IDENTIFIER = "com.noelpoo.MyApp-TDDExampleUITests";
				PRODUCT_NAME = "$(TARGET_NAME)";
				SWIFT_VERSION = 5.0;
				TARGETED_DEVICE_FAMILY = "1,2";
				TEST_TARGET_NAME = MyApp_TDDExample;
			};
			name = Release;
		};
/* End XCBuildConfiguration section */

/* Begin XCConfigurationList section */
		45F8B6B9254FA02800BB878B /* Build configuration list for PBXProject "MyApp_TDDExample" */ = {
			isa = XCConfigurationList;
			buildConfigurations = (
				45F8B6E6254FA02A00BB878B /* Debug */,
				45F8B6E7254FA02A00BB878B /* Release */,
			);
			defaultConfigurationIsVisible = 0;
			defaultConfigurationName = Release;
		};
		45F8B6E8254FA02A00BB878B /* Build configuration list for PBXNativeTarget "MyApp_TDDExample" */ = {
			isa = XCConfigurationList;
			buildConfigurations = (
				45F8B6E9254FA02A00BB878B /* Debug */,
				45F8B6EA254FA02A00BB878B /* Release */,
			);
			defaultConfigurationIsVisible = 0;
			defaultConfigurationName = Release;
		};
		45F8B6EB254FA02A00BB878B /* Build configuration list for PBXNativeTarget "MyApp_TDDExampleTests" */ = {
			isa = XCConfigurationList;
			buildConfigurations = (
				45F8B6EC254FA02A00BB878B /* Debug */,
				45F8B6ED254FA02A00BB878B /* Release */,
			);
			defaultConfigurationIsVisible = 0;
			defaultConfigurationName = Release;
		};
		45F8B6EE254FA02A00BB878B /* Build configuration list for PBXNativeTarget "MyApp_TDDExampleUITests" */ = {
			isa = XCConfigurationList;
			buildConfigurations = (
				45F8B6EF254FA02A00BB878B /* Debug */,
				45F8B6F0254FA02A00BB878B /* Release */,
			);
			defaultConfigurationIsVisible = 0;
			defaultConfigurationName = Release;
		};
/* End XCConfigurationList section */
	};
	rootObject = 45F8B6B6254FA02800BB878B /* Project object */;
}
